
Microsoft Visual Studio Solution File, Format Version 12.00
# Visual Studio Version 16
VisualStudioVersion = 16.0.30204.135
MinimumVisualStudioVersion = 10.0.40219.1
Project("{9A19103F-16F7-4668-BE54-9A1E7A4F7556}") = "QH.Web", "QH.Web\QH.Web.csproj", "{D3AC0266-7CA7-440A-BBBA-589DBC51447A}"
EndProject
Project("{9A19103F-16F7-4668-BE54-9A1E7A4F7556}") = "QH.Core", "QH.Core\QH.Core.csproj", "{B327E98E-F05E-439A-B5E5-97B08155B9E2}"
EndProject
Project("{9A19103F-16F7-4668-BE54-9A1E7A4F7556}") = "QH.Models", "QH.Models\QH.Models.csproj", "{F2098E84-56DA-4FCF-B75B-68227D177971}"
EndProject
Project("{9A19103F-16F7-4668-BE54-9A1E7A4F7556}") = "QH.Repository", "QH.Repository\QH.Repository.csproj", "{6FF22C03-7512-4A57-935C-48C915DFB61F}"
EndProject
Project("{9A19103F-16F7-4668-BE54-9A1E7A4F7556}") = "QH.Services", "QH.Services\QH.Services.csproj", "{15EA7501-79C4-457D-AEC4-80EAE06F5614}"
EndProject
Project("{9A19103F-16F7-4668-BE54-9A1E7A4F7556}") = "QH.Api", "QH.Api\QH.Api.csproj", "{CBAE3CAE-0FB3-4840-879B-D0A14547EFEE}"
EndProject
Project("{9A19103F-16F7-4668-BE54-9A1E7A4F7556}") = "QH.Dapper", "QH.Dapper\QH.Dapper.csproj", "{A0F6E32D-FAF3-4649-BBAC-FB207E0164B7}"
EndProject
Project("{9A19103F-16F7-4668-BE54-9A1E7A4F7556}") = "JobManage.Service", "JobManage.Service\JobManage.Service.csproj", "{F72EC761-08DB-4D83-9738-A61CBF6813C5}"
EndProject
Global
	GlobalSection(SolutionConfigurationPlatforms) = preSolution
		Debug|Any CPU = Debug|Any CPU
		Release|Any CPU = Release|Any CPU
	EndGlobalSection
	GlobalSection(ProjectConfigurationPlatforms) = postSolution
		{D3AC0266-7CA7-440A-BBBA-589DBC51447A}.Debug|Any CPU.ActiveCfg = Debug|Any CPU
		{D3AC0266-7CA7-440A-BBBA-589DBC51447A}.Debug|Any CPU.Build.0 = Debug|Any CPU
		{D3AC0266-7CA7-440A-BBBA-589DBC51447A}.Release|Any CPU.ActiveCfg = Release|Any CPU
		{D3AC0266-7CA7-440A-BBBA-589DBC51447A}.Release|Any CPU.Build.0 = Release|Any CPU
		{B327E98E-F05E-439A-B5E5-97B08155B9E2}.Debug|Any CPU.ActiveCfg = Debug|Any CPU
		{B327E98E-F05E-439A-B5E5-97B08155B9E2}.Debug|Any CPU.Build.0 = Debug|Any CPU
		{B327E98E-F05E-439A-B5E5-97B08155B9E2}.Release|Any CPU.ActiveCfg = Release|Any CPU
		{B327E98E-F05E-439A-B5E5-97B08155B9E2}.Release|Any CPU.Build.0 = Release|Any CPU
		{F2098E84-56DA-4FCF-B75B-68227D177971}.Debug|Any CPU.ActiveCfg = Debug|Any CPU
		{F2098E84-56DA-4FCF-B75B-68227D177971}.Debug|Any CPU.Build.0 = Debug|Any CPU
		{F2098E84-56DA-4FCF-B75B-68227D177971}.Release|Any CPU.ActiveCfg = Release|Any CPU
		{F2098E84-56DA-4FCF-B75B-68227D177971}.Release|Any CPU.Build.0 = Release|Any CPU
		{6FF22C03-7512-4A57-935C-48C915DFB61F}.Debug|Any CPU.ActiveCfg = Debug|Any CPU
		{6FF22C03-7512-4A57-935C-48C915DFB61F}.Debug|Any CPU.Build.0 = Debug|Any CPU
		{6FF22C03-7512-4A57-935C-48C915DFB61F}.Release|Any CPU.ActiveCfg = Release|Any CPU
		{6FF22C03-7512-4A57-935C-48C915DFB61F}.Release|Any CPU.Build.0 = Release|Any CPU
		{15EA7501-79C4-457D-AEC4-80EAE06F5614}.Debug|Any CPU.ActiveCfg = Debug|Any CPU
		{15EA7501-79C4-457D-AEC4-80EAE06F5614}.Debug|Any CPU.Build.0 = Debug|Any CPU
		{15EA7501-79C4-457D-AEC4-80EAE06F5614}.Release|Any CPU.ActiveCfg = Release|Any CPU
		{15EA7501-79C4-457D-AEC4-80EAE06F5614}.Release|Any CPU.Build.0 = Release|Any CPU
		{CBAE3CAE-0FB3-4840-879B-D0A14547EFEE}.Debug|Any CPU.ActiveCfg = Debug|Any CPU
		{CBAE3CAE-0FB3-4840-879B-D0A14547EFEE}.Debug|Any CPU.Build.0 = Debug|Any CPU
		{CBAE3CAE-0FB3-4840-879B-D0A14547EFEE}.Release|Any CPU.ActiveCfg = Release|Any CPU
		{CBAE3CAE-0FB3-4840-879B-D0A14547EFEE}.Release|Any CPU.Build.0 = Release|Any CPU
		{A0F6E32D-FAF3-4649-BBAC-FB207E0164B7}.Debug|Any CPU.ActiveCfg = Debug|Any CPU
		{A0F6E32D-FAF3-4649-BBAC-FB207E0164B7}.Debug|Any CPU.Build.0 = Debug|Any CPU
		{A0F6E32D-FAF3-4649-BBAC-FB207E0164B7}.Release|Any CPU.ActiveCfg = Release|Any CPU
		{A0F6E32D-FAF3-4649-BBAC-FB207E0164B7}.Release|Any CPU.Build.0 = Release|Any CPU
		{F72EC761-08DB-4D83-9738-A61CBF6813C5}.Debug|Any CPU.ActiveCfg = Debug|Any CPU
		{F72EC761-08DB-4D83-9738-A61CBF6813C5}.Debug|Any CPU.Build.0 = Debug|Any CPU
		{F72EC761-08DB-4D83-9738-A61CBF6813C5}.Release|Any CPU.ActiveCfg = Release|Any CPU
		{F72EC761-08DB-4D83-9738-A61CBF6813C5}.Release|Any CPU.Build.0 = Release|Any CPU
	EndGlobalSection
	GlobalSection(SolutionProperties) = preSolution
		HideSolutionNode = FALSE
	EndGlobalSection
	GlobalSection(ExtensibilityGlobals) = postSolution
		SolutionGuid = {BD55B95B-D846-4996-B4EA-07FE08A9F302}
	EndGlobalSection
EndGlobal
